
Microsoft Visual Studio Solution File, Format Version 12.00
# Visual Studio Version 17
VisualStudioVersion = 17.4.33205.214
MinimumVisualStudioVersion = 10.0.40219.1
Project("{FAE04EC0-301F-11D3-BF4B-00C04F79EFBC}") = "Lab1", "Lab1\Lab1.csproj", "{10D1CC6E-297D-45ED-AC0B-9D42880CE5B9}"
EndProject
Global
	GlobalSection(SolutionConfigurationPlatforms) = preSolution
		Debug|Any CPU = Debug|Any CPU
		Release|Any CPU = Release|Any CPU
	EndGlobalSection
	GlobalSection(ProjectConfigurationPlatforms) = postSolution
		{10D1CC6E-297D-45ED-AC0B-9D42880CE5B9}.Debug|Any CPU.ActiveCfg = Debug|Any CPU
		{10D1CC6E-297D-45ED-AC0B-9D42880CE5B9}.Debug|Any CPU.Build.0 = Debug|Any CPU
		{10D1CC6E-297D-45ED-AC0B-9D42880CE5B9}.Release|Any CPU.ActiveCfg = Release|Any CPU
		{10D1CC6E-297D-45ED-AC0B-9D42880CE5B9}.Release|Any CPU.Build.0 = Release|Any CPU
	EndGlobalSection
	GlobalSection(SolutionProperties) = preSolution
		HideSolutionNode = FALSE
	EndGlobalSection
	GlobalSection(ExtensibilityGlobals) = postSolution
		SolutionGuid = {32FBF635-C62D-4EDB-9BCA-341035A2DD4B}
	EndGlobalSection
EndGlobal
